Microsoft Visual Studio Solution File, Format Version 12.00
# Visual Studio 15
VisualStudioVersion = 15.0.26730.0
MinimumVisualStudioVersion = 15.0.26124.0
Project("{2150E333-8FDC-42A3-9474-1A3956D46DE8}") = "src", "src", "{1F2A0703-FB4A-42A9-8CD3-E2F64DF29C6C}"
EndProject
Project("{9A19103F-16F7-4668-BE54-9A1E7A4F7556}") = "LanguageServer", "src\LanguageServer\LanguageServer.csproj", "{04940A47-F57A-47CC-88CE-3B36EDFFAD3E}"
EndProject
Project("{9A19103F-16F7-4668-BE54-9A1E7A4F7556}") = "LanguageServer.Engine", "src\LanguageServer.Engine\LanguageServer.Engine.csproj", "{2DF51EC6-ED83-4AEC-9C39-C22510DEBF02}"
EndProject
Global
	GlobalSection(SolutionConfigurationPlatforms) = preSolution
		Debug|Any CPU = Debug|Any CPU
		Debug|x64 = Debug|x64
		Debug|x86 = Debug|x86
		Release|Any CPU = Release|Any CPU
		Release|x64 = Release|x64
		Release|x86 = Release|x86
	EndGlobalSection
	GlobalSection(ProjectConfigurationPlatforms) = postSolution
		{04940A47-F57A-47CC-88CE-3B36EDFFAD3E}.Debug|Any CPU.ActiveCfg = Debug|Any CPU
		{04940A47-F57A-47CC-88CE-3B36EDFFAD3E}.Debug|Any CPU.Build.0 = Debug|Any CPU
		{04940A47-F57A-47CC-88CE-3B36EDFFAD3E}.Debug|x64.ActiveCfg = Debug|Any CPU
		{04940A47-F57A-47CC-88CE-3B36EDFFAD3E}.Debug|x64.Build.0 = Debug|Any CPU
		{04940A47-F57A-47CC-88CE-3B36EDFFAD3E}.Debug|x86.ActiveCfg = Debug|Any CPU
		{04940A47-F57A-47CC-88CE-3B36EDFFAD3E}.Debug|x86.Build.0 = Debug|Any CPU
		{04940A47-F57A-47CC-88CE-3B36EDFFAD3E}.Release|Any CPU.ActiveCfg = Release|Any CPU
		{04940A47-F57A-47CC-88CE-3B36EDFFAD3E}.Release|Any CPU.Build.0 = Release|Any CPU
		{04940A47-F57A-47CC-88CE-3B36EDFFAD3E}.Release|x64.ActiveCfg = Release|Any CPU
		{04940A47-F57A-47CC-88CE-3B36EDFFAD3E}.Release|x64.Build.0 = Release|Any CPU
		{04940A47-F57A-47CC-88CE-3B36EDFFAD3E}.Release|x86.ActiveCfg = Release|Any CPU
		{04940A47-F57A-47CC-88CE-3B36EDFFAD3E}.Release|x86.Build.0 = Release|Any CPU
		{2DF51EC6-ED83-4AEC-9C39-C22510DEBF02}.Debug|Any CPU.ActiveCfg = Debug|Any CPU
		{2DF51EC6-ED83-4AEC-9C39-C22510DEBF02}.Debug|Any CPU.Build.0 = Debug|Any CPU
		{2DF51EC6-ED83-4AEC-9C39-C22510DEBF02}.Debug|x64.ActiveCfg = Debug|Any CPU
		{2DF51EC6-ED83-4AEC-9C39-C22510DEBF02}.Debug|x64.Build.0 = Debug|Any CPU
		{2DF51EC6-ED83-4AEC-9C39-C22510DEBF02}.Debug|x86.ActiveCfg = Debug|Any CPU
		{2DF51EC6-ED83-4AEC-9C39-C22510DEBF02}.Debug|x86.Build.0 = Debug|Any CPU
		{2DF51EC6-ED83-4AEC-9C39-C22510DEBF02}.Release|Any CPU.ActiveCfg = Release|Any CPU
		{2DF51EC6-ED83-4AEC-9C39-C22510DEBF02}.Release|Any CPU.Build.0 = Release|Any CPU
		{2DF51EC6-ED83-4AEC-9C39-C22510DEBF02}.Release|x64.ActiveCfg = Release|Any CPU
		{2DF51EC6-ED83-4AEC-9C39-C22510DEBF02}.Release|x64.Build.0 = Release|Any CPU
		{2DF51EC6-ED83-4AEC-9C39-C22510DEBF02}.Release|x86.ActiveCfg = Release|Any CPU
		{2DF51EC6-ED83-4AEC-9C39-C22510DEBF02}.Release|x86.Build.0 = Release|Any CPU
	EndGlobalSection
	GlobalSection(SolutionProperties) = preSolution
		HideSolutionNode = FALSE
	EndGlobalSection
	GlobalSection(NestedProjects) = preSolution
		{04940A47-F57A-47CC-88CE-3B36EDFFAD3E} = {1F2A0703-FB4A-42A9-8CD3-E2F64DF29C6C}
		{2DF51EC6-ED83-4AEC-9C39-C22510DEBF02} = {1F2A0703-FB4A-42A9-8CD3-E2F64DF29C6C}
	EndGlobalSection
	GlobalSection(ExtensibilityGlobals) = postSolution
		SolutionGuid = {BCC91968-D6AB-4FD1-808D-980EE91FAEE2}
	EndGlobalSection
EndGlobal
