Microsoft Visual Studio Solution File, Format Version 12.00
# Visual Studio 15
VisualStudioVersion = 15.0.26730.10
MinimumVisualStudioVersion = 15.0.26124.0
Project("{2150E333-8FDC-42A3-9474-1A3956D46DE8}") = "src", "src", "{1F2A0703-FB4A-42A9-8CD3-E2F64DF29C6C}"
EndProject
Project("{9A19103F-16F7-4668-BE54-9A1E7A4F7556}") = "LanguageServer", "src\LanguageServer\LanguageServer.csproj", "{04940A47-F57A-47CC-88CE-3B36EDFFAD3E}"
EndProject
Project("{9A19103F-16F7-4668-BE54-9A1E7A4F7556}") = "LanguageServer.Engine", "src\LanguageServer.Engine\LanguageServer.Engine.csproj", "{2DF51EC6-ED83-4AEC-9C39-C22510DEBF02}"
EndProject
Project("{2150E333-8FDC-42A3-9474-1A3956D46DE8}") = "test", "test", "{198F2A53-5FD7-4F6E-A718-DDD95EA1F192}"
EndProject
Project("{9A19103F-16F7-4668-BE54-9A1E7A4F7556}") = "LanguageServer.Engine.Tests", "test\LanguageServer.Engine.Tests\LanguageServer.Engine.Tests.csproj", "{029E8D10-FEDC-4664-ABA9-0A09E9FE89AD}"
EndProject
Project("{2150E333-8FDC-42A3-9474-1A3956D46DE8}") = "Solution Items", "Solution Items", "{2E8EA64C-7860-4431-927A-75DFE40A1D4B}"
	ProjectSection(SolutionItems) = preProject
		.editorconfig = .editorconfig
		.gitignore = .gitignore
		CHANGELOG.md = CHANGELOG.md
		language-configuration.json = language-configuration.json
		LICENSE = LICENSE
		MSBuildProjectTools.ruleset = MSBuildProjectTools.ruleset
		NuGet.config = NuGet.config
		OSSREADME.json = OSSREADME.json
		README.md = README.md
	EndProjectSection
EndProject
Project("{9A19103F-16F7-4668-BE54-9A1E7A4F7556}") = "LanguageServer.SemanticModel.MSBuild", "src\LanguageServer.SemanticModel.MSBuild\LanguageServer.SemanticModel.MSBuild.csproj", "{15BE4E0D-3EBC-40ED-94EA-212A96A81DA3}"
EndProject
Project("{9A19103F-16F7-4668-BE54-9A1E7A4F7556}") = "LanguageServer.SemanticModel.Xml", "src\LanguageServer.SemanticModel.Xml\LanguageServer.SemanticModel.Xml.csproj", "{277F8A55-417B-4AD0-8AAD-D075886D68BC}"
EndProject
Project("{9A19103F-16F7-4668-BE54-9A1E7A4F7556}") = "LanguageServer.Common", "src\LanguageServer.Common\LanguageServer.Common.csproj", "{5AD7AEFF-4E5C-474C-8BD6-DEBD354A803C}"
EndProject
Global
	GlobalSection(SolutionConfigurationPlatforms) = preSolution
		Debug|Any CPU = Debug|Any CPU
		Debug|x64 = Debug|x64
		Debug|x86 = Debug|x86
		Release|Any CPU = Release|Any CPU
		Release|x64 = Release|x64
		Release|x86 = Release|x86
	EndGlobalSection
	GlobalSection(ProjectConfigurationPlatforms) = postSolution
		{04940A47-F57A-47CC-88CE-3B36EDFFAD3E}.Debug|Any CPU.ActiveCfg = Debug|Any CPU
		{04940A47-F57A-47CC-88CE-3B36EDFFAD3E}.Debug|Any CPU.Build.0 = Debug|Any CPU
		{04940A47-F57A-47CC-88CE-3B36EDFFAD3E}.Debug|x64.ActiveCfg = Debug|Any CPU
		{04940A47-F57A-47CC-88CE-3B36EDFFAD3E}.Debug|x64.Build.0 = Debug|Any CPU
		{04940A47-F57A-47CC-88CE-3B36EDFFAD3E}.Debug|x86.ActiveCfg = Debug|Any CPU
		{04940A47-F57A-47CC-88CE-3B36EDFFAD3E}.Debug|x86.Build.0 = Debug|Any CPU
		{04940A47-F57A-47CC-88CE-3B36EDFFAD3E}.Release|Any CPU.ActiveCfg = Release|Any CPU
		{04940A47-F57A-47CC-88CE-3B36EDFFAD3E}.Release|Any CPU.Build.0 = Release|Any CPU
		{04940A47-F57A-47CC-88CE-3B36EDFFAD3E}.Release|x64.ActiveCfg = Release|Any CPU
		{04940A47-F57A-47CC-88CE-3B36EDFFAD3E}.Release|x64.Build.0 = Release|Any CPU
		{04940A47-F57A-47CC-88CE-3B36EDFFAD3E}.Release|x86.ActiveCfg = Release|Any CPU
		{04940A47-F57A-47CC-88CE-3B36EDFFAD3E}.Release|x86.Build.0 = Release|Any CPU
		{2DF51EC6-ED83-4AEC-9C39-C22510DEBF02}.Debug|Any CPU.ActiveCfg = Debug|Any CPU
		{2DF51EC6-ED83-4AEC-9C39-C22510DEBF02}.Debug|Any CPU.Build.0 = Debug|Any CPU
		{2DF51EC6-ED83-4AEC-9C39-C22510DEBF02}.Debug|x64.ActiveCfg = Debug|Any CPU
		{2DF51EC6-ED83-4AEC-9C39-C22510DEBF02}.Debug|x64.Build.0 = Debug|Any CPU
		{2DF51EC6-ED83-4AEC-9C39-C22510DEBF02}.Debug|x86.ActiveCfg = Debug|Any CPU
		{2DF51EC6-ED83-4AEC-9C39-C22510DEBF02}.Debug|x86.Build.0 = Debug|Any CPU
		{2DF51EC6-ED83-4AEC-9C39-C22510DEBF02}.Release|Any CPU.ActiveCfg = Release|Any CPU
		{2DF51EC6-ED83-4AEC-9C39-C22510DEBF02}.Release|Any CPU.Build.0 = Release|Any CPU
		{2DF51EC6-ED83-4AEC-9C39-C22510DEBF02}.Release|x64.ActiveCfg = Release|Any CPU
		{2DF51EC6-ED83-4AEC-9C39-C22510DEBF02}.Release|x64.Build.0 = Release|Any CPU
		{2DF51EC6-ED83-4AEC-9C39-C22510DEBF02}.Release|x86.ActiveCfg = Release|Any CPU
		{2DF51EC6-ED83-4AEC-9C39-C22510DEBF02}.Release|x86.Build.0 = Release|Any CPU
		{029E8D10-FEDC-4664-ABA9-0A09E9FE89AD}.Debug|Any CPU.ActiveCfg = Debug|Any CPU
		{029E8D10-FEDC-4664-ABA9-0A09E9FE89AD}.Debug|Any CPU.Build.0 = Debug|Any CPU
		{029E8D10-FEDC-4664-ABA9-0A09E9FE89AD}.Debug|x64.ActiveCfg = Debug|Any CPU
		{029E8D10-FEDC-4664-ABA9-0A09E9FE89AD}.Debug|x64.Build.0 = Debug|Any CPU
		{029E8D10-FEDC-4664-ABA9-0A09E9FE89AD}.Debug|x86.ActiveCfg = Debug|Any CPU
		{029E8D10-FEDC-4664-ABA9-0A09E9FE89AD}.Debug|x86.Build.0 = Debug|Any CPU
		{029E8D10-FEDC-4664-ABA9-0A09E9FE89AD}.Release|Any CPU.ActiveCfg = Release|Any CPU
		{029E8D10-FEDC-4664-ABA9-0A09E9FE89AD}.Release|Any CPU.Build.0 = Release|Any CPU
		{029E8D10-FEDC-4664-ABA9-0A09E9FE89AD}.Release|x64.ActiveCfg = Release|Any CPU
		{029E8D10-FEDC-4664-ABA9-0A09E9FE89AD}.Release|x64.Build.0 = Release|Any CPU
		{029E8D10-FEDC-4664-ABA9-0A09E9FE89AD}.Release|x86.ActiveCfg = Release|Any CPU
		{029E8D10-FEDC-4664-ABA9-0A09E9FE89AD}.Release|x86.Build.0 = Release|Any CPU
		{15BE4E0D-3EBC-40ED-94EA-212A96A81DA3}.Debug|Any CPU.ActiveCfg = Debug|Any CPU
		{15BE4E0D-3EBC-40ED-94EA-212A96A81DA3}.Debug|Any CPU.Build.0 = Debug|Any CPU
		{15BE4E0D-3EBC-40ED-94EA-212A96A81DA3}.Debug|x64.ActiveCfg = Debug|Any CPU
		{15BE4E0D-3EBC-40ED-94EA-212A96A81DA3}.Debug|x64.Build.0 = Debug|Any CPU
		{15BE4E0D-3EBC-40ED-94EA-212A96A81DA3}.Debug|x86.ActiveCfg = Debug|Any CPU
		{15BE4E0D-3EBC-40ED-94EA-212A96A81DA3}.Debug|x86.Build.0 = Debug|Any CPU
		{15BE4E0D-3EBC-40ED-94EA-212A96A81DA3}.Release|Any CPU.ActiveCfg = Release|Any CPU
		{15BE4E0D-3EBC-40ED-94EA-212A96A81DA3}.Release|Any CPU.Build.0 = Release|Any CPU
		{15BE4E0D-3EBC-40ED-94EA-212A96A81DA3}.Release|x64.ActiveCfg = Release|Any CPU
		{15BE4E0D-3EBC-40ED-94EA-212A96A81DA3}.Release|x64.Build.0 = Release|Any CPU
		{15BE4E0D-3EBC-40ED-94EA-212A96A81DA3}.Release|x86.ActiveCfg = Release|Any CPU
		{15BE4E0D-3EBC-40ED-94EA-212A96A81DA3}.Release|x86.Build.0 = Release|Any CPU
		{277F8A55-417B-4AD0-8AAD-D075886D68BC}.Debug|Any CPU.ActiveCfg = Debug|Any CPU
		{277F8A55-417B-4AD0-8AAD-D075886D68BC}.Debug|Any CPU.Build.0 = Debug|Any CPU
		{277F8A55-417B-4AD0-8AAD-D075886D68BC}.Debug|x64.ActiveCfg = Debug|Any CPU
		{277F8A55-417B-4AD0-8AAD-D075886D68BC}.Debug|x64.Build.0 = Debug|Any CPU
		{277F8A55-417B-4AD0-8AAD-D075886D68BC}.Debug|x86.ActiveCfg = Debug|Any CPU
		{277F8A55-417B-4AD0-8AAD-D075886D68BC}.Debug|x86.Build.0 = Debug|Any CPU
		{277F8A55-417B-4AD0-8AAD-D075886D68BC}.Release|Any CPU.ActiveCfg = Release|Any CPU
		{277F8A55-417B-4AD0-8AAD-D075886D68BC}.Release|Any CPU.Build.0 = Release|Any CPU
		{277F8A55-417B-4AD0-8AAD-D075886D68BC}.Release|x64.ActiveCfg = Release|Any CPU
		{277F8A55-417B-4AD0-8AAD-D075886D68BC}.Release|x64.Build.0 = Release|Any CPU
		{277F8A55-417B-4AD0-8AAD-D075886D68BC}.Release|x86.ActiveCfg = Release|Any CPU
		{277F8A55-417B-4AD0-8AAD-D075886D68BC}.Release|x86.Build.0 = Release|Any CPU
		{5AD7AEFF-4E5C-474C-8BD6-DEBD354A803C}.Debug|Any CPU.ActiveCfg = Debug|Any CPU
		{5AD7AEFF-4E5C-474C-8BD6-DEBD354A803C}.Debug|Any CPU.Build.0 = Debug|Any CPU
		{5AD7AEFF-4E5C-474C-8BD6-DEBD354A803C}.Debug|x64.ActiveCfg = Debug|Any CPU
		{5AD7AEFF-4E5C-474C-8BD6-DEBD354A803C}.Debug|x64.Build.0 = Debug|Any CPU
		{5AD7AEFF-4E5C-474C-8BD6-DEBD354A803C}.Debug|x86.ActiveCfg = Debug|Any CPU
		{5AD7AEFF-4E5C-474C-8BD6-DEBD354A803C}.Debug|x86.Build.0 = Debug|Any CPU
		{5AD7AEFF-4E5C-474C-8BD6-DEBD354A803C}.Release|Any CPU.ActiveCfg = Release|Any CPU
		{5AD7AEFF-4E5C-474C-8BD6-DEBD354A803C}.Release|Any CPU.Build.0 = Release|Any CPU
		{5AD7AEFF-4E5C-474C-8BD6-DEBD354A803C}.Release|x64.ActiveCfg = Release|Any CPU
		{5AD7AEFF-4E5C-474C-8BD6-DEBD354A803C}.Release|x64.Build.0 = Release|Any CPU
		{5AD7AEFF-4E5C-474C-8BD6-DEBD354A803C}.Release|x86.ActiveCfg = Release|Any CPU
		{5AD7AEFF-4E5C-474C-8BD6-DEBD354A803C}.Release|x86.Build.0 = Release|Any CPU
	EndGlobalSection
	GlobalSection(SolutionProperties) = preSolution
		HideSolutionNode = FALSE
	EndGlobalSection
	GlobalSection(NestedProjects) = preSolution
		{04940A47-F57A-47CC-88CE-3B36EDFFAD3E} = {1F2A0703-FB4A-42A9-8CD3-E2F64DF29C6C}
		{2DF51EC6-ED83-4AEC-9C39-C22510DEBF02} = {1F2A0703-FB4A-42A9-8CD3-E2F64DF29C6C}
		{029E8D10-FEDC-4664-ABA9-0A09E9FE89AD} = {198F2A53-5FD7-4F6E-A718-DDD95EA1F192}
		{15BE4E0D-3EBC-40ED-94EA-212A96A81DA3} = {1F2A0703-FB4A-42A9-8CD3-E2F64DF29C6C}
		{277F8A55-417B-4AD0-8AAD-D075886D68BC} = {1F2A0703-FB4A-42A9-8CD3-E2F64DF29C6C}
		{5AD7AEFF-4E5C-474C-8BD6-DEBD354A803C} = {1F2A0703-FB4A-42A9-8CD3-E2F64DF29C6C}
	EndGlobalSection
	GlobalSection(ExtensibilityGlobals) = postSolution
		SolutionGuid = {BCC91968-D6AB-4FD1-808D-980EE91FAEE2}
	EndGlobalSection
EndGlobal
