
Microsoft Visual Studio Solution File, Format Version 12.00
# Visual Studio Version 17
VisualStudioVersion = 17.5.002.0
MinimumVisualStudioVersion = 10.0.40219.1
Project("{2150E333-8FDC-42A3-9474-1A3956D46DE8}") = "src", "src", "{1E367F24-97FF-4D83-A243-D3483EEF60A5}"
EndProject
Project("{9A19103F-16F7-4668-BE54-9A1E7A4F7556}") = "SampleProject", "src\SampleProject\SampleProject.csproj", "{C77C1284-B48C-400D-90CA-54184D1AEF33}"
EndProject
Global
	GlobalSection(SolutionConfigurationPlatforms) = preSolution
		Debug|Any CPU = Debug|Any CPU
		Release|Any CPU = Release|Any CPU
	EndGlobalSection
	GlobalSection(ProjectConfigurationPlatforms) = postSolution
		{C77C1284-B48C-400D-90CA-54184D1AEF33}.Debug|Any CPU.ActiveCfg = Debug|Any CPU
		{C77C1284-B48C-400D-90CA-54184D1AEF33}.Debug|Any CPU.Build.0 = Debug|Any CPU
		{C77C1284-B48C-400D-90CA-54184D1AEF33}.Release|Any CPU.ActiveCfg = Release|Any CPU
		{C77C1284-B48C-400D-90CA-54184D1AEF33}.Release|Any CPU.Build.0 = Release|Any CPU
	EndGlobalSection
	GlobalSection(SolutionProperties) = preSolution
		HideSolutionNode = FALSE
	EndGlobalSection
	GlobalSection(NestedProjects) = preSolution
		{C77C1284-B48C-400D-90CA-54184D1AEF33} = {1E367F24-97FF-4D83-A243-D3483EEF60A5}
	EndGlobalSection
	GlobalSection(ExtensibilityGlobals) = postSolution
		SolutionGuid = {938F4EED-4130-48C7-BBF8-6D31D5B3B93D}
	EndGlobalSection
EndGlobal
